// !$*UTF8*$!
{
	archiveVersion = 1;
	classes = {
	};
	objectVersion = 46;
	objects = {

/* Begin PBXBuildFile section */
		44C399A802F6DFB04AF1C835 /* Pods_CustomUIWidget_Example.framework in Frameworks */ = {isa = PBXBuildFile; fileRef = ECC2FF9281B387836CAAAA80 /* Pods_CustomUIWidget_Example.framework */; };
		6003F58E195388D20070C39A /* Foundation.framework in Frameworks */ = {isa = PBXBuildFile; fileRef = 6003F58D195388D20070C39A /* Foundation.framework */; };
		6003F590195388D20070C39A /* CoreGraphics.framework in Frameworks */ = {isa = PBXBuildFile; fileRef = 6003F58F195388D20070C39A /* CoreGraphics.framework */; };
		6003F592195388D20070C39A /* UIKit.framework in Frameworks */ = {isa = PBXBuildFile; fileRef = 6003F591195388D20070C39A /* UIKit.framework */; };
		6003F598195388D20070C39A /* InfoPlist.strings in Resources */ = {isa = PBXBuildFile; fileRef = 6003F596195388D20070C39A /* InfoPlist.strings */; };
		6003F59A195388D20070C39A /* main.m in Sources */ = {isa = PBXBuildFile; fileRef = 6003F599195388D20070C39A /* main.m */; };
		6003F59E195388D20070C39A /* FDAppDelegate.m in Sources */ = {isa = PBXBuildFile; fileRef = 6003F59D195388D20070C39A /* FDAppDelegate.m */; };
		6003F5A7195388D20070C39A /* FDViewController.m in Sources */ = {isa = PBXBuildFile; fileRef = 6003F5A6195388D20070C39A /* FDViewController.m */; };
		6003F5A9195388D20070C39A /* Images.xcassets in Resources */ = {isa = PBXBuildFile; fileRef = 6003F5A8195388D20070C39A /* Images.xcassets */; };
		71719F9F1E33DC2100824A3D /* LaunchScreen.storyboard in Resources */ = {isa = PBXBuildFile; fileRef = 71719F9D1E33DC2100824A3D /* LaunchScreen.storyboard */; };
		873B8AEB1B1F5CCA007FD442 /* Main.storyboard in Resources */ = {isa = PBXBuildFile; fileRef = 873B8AEA1B1F5CCA007FD442 /* Main.storyboard */; };
		BF14C31929309B5500D2F44F /* PresentVCDemoViewController.m in Sources */ = {isa = PBXBuildFile; fileRef = BF14C31729309B5500D2F44F /* PresentVCDemoViewController.m */; };
		BF1915DE275EFDA9004D28C1 /* FDKTVAnnouncementView.m in Sources */ = {isa = PBXBuildFile; fileRef = BF1915DD275EFDA9004D28C1 /* FDKTVAnnouncementView.m */; };
		BF255D5C27C651C200AC8E65 /* NSData+BytesUtils.m in Sources */ = {isa = PBXBuildFile; fileRef = BF255D5B27C651C200AC8E65 /* NSData+BytesUtils.m */; };
		BF2EBA1E2775663400BDF298 /* FDUIStackViewViewController.m in Sources */ = {isa = PBXBuildFile; fileRef = BF2EBA1D277564A300BDF298 /* FDUIStackViewViewController.m */; };
		BF301FC1277B02E300CCB495 /* FDImageLabelViewController.m in Sources */ = {isa = PBXBuildFile; fileRef = BF301FC0277B02E300CCB495 /* FDImageLabelViewController.m */; };
		BF61BD1A26D3A62F00B9961F /* FDWindowHandler.m in Sources */ = {isa = PBXBuildFile; fileRef = BF61BD1926D3A62F00B9961F /* FDWindowHandler.m */; };
		BF77F7AC276C7E7500B728EB /* FDUIKitViewController.m in Sources */ = {isa = PBXBuildFile; fileRef = BF77F7AB276C7E7500B728EB /* FDUIKitViewController.m */; };
		BF77F7AF276C7E8C00B728EB /* FDComponentsViewController.m in Sources */ = {isa = PBXBuildFile; fileRef = BF77F7AE276C7E8C00B728EB /* FDComponentsViewController.m */; };
		BF77F7B2276C7F8A00B728EB /* FDGridView.m in Sources */ = {isa = PBXBuildFile; fileRef = BF77F7B1276C7F8A00B728EB /* FDGridView.m */; };
		BF77F7B5276C87FA00B728EB /* FDGridViewUtil.m in Sources */ = {isa = PBXBuildFile; fileRef = BF77F7B4276C87FA00B728EB /* FDGridViewUtil.m */; };
		BF77F7B9276C899F00B728EB /* FDOrderedDictionary.m in Sources */ = {isa = PBXBuildFile; fileRef = BF77F7B8276C899F00B728EB /* FDOrderedDictionary.m */; };
		BF77F7BC277022CD00B728EB /* FDUIButton.m in Sources */ = {isa = PBXBuildFile; fileRef = BF77F7BB277022CD00B728EB /* FDUIButton.m */; };
		BF8C9723250B4AB7006A5431 /* FDUserInfoModel.m in Sources */ = {isa = PBXBuildFile; fileRef = BF8C9722250B4AB7006A5431 /* FDUserInfoModel.m */; };
		BFDE4436279FE5E900B03DFF /* FDTestViewController.m in Sources */ = {isa = PBXBuildFile; fileRef = BFDE4435279FE5E900B03DFF /* FDTestViewController.m */; };
		BFE131C6279E936200EBAFF8 /* UIButton+FDSelectState.m in Sources */ = {isa = PBXBuildFile; fileRef = BFE131C4279E936200EBAFF8 /* UIButton+FDSelectState.m */; };
		BFE8E009279E8CB3004D297C /* FDUIViewBorderViewController.m in Sources */ = {isa = PBXBuildFile; fileRef = BFE8E008279E8CB3004D297C /* FDUIViewBorderViewController.m */; };
		BFE8E00C279E8DCF004D297C /* FDSelectListView.m in Sources */ = {isa = PBXBuildFile; fileRef = BFE8E00B279E8DCF004D297C /* FDSelectListView.m */; };
		BFF648C62770804200EA78FC /* FDSettingViewController.m in Sources */ = {isa = PBXBuildFile; fileRef = BFF648C52770804200EA78FC /* FDSettingViewController.m */; };
		BFF648CB2771D2B300EA78FC /* UIButton+LXMImagePosition.m in Sources */ = {isa = PBXBuildFile; fileRef = BFF648C92771D2B300EA78FC /* UIButton+LXMImagePosition.m */; };
		BFF648CF2771D73300EA78FC /* FDMarqueeViewController.m in Sources */ = {isa = PBXBuildFile; fileRef = BFF648CE2771D73300EA78FC /* FDMarqueeViewController.m */; };
/* End PBXBuildFile section */

/* Begin PBXFileReference section */
		073BF61CD47D1667DEB71E97 /* LICENSE */ = {isa = PBXFileReference; includeInIndex = 1; lastKnownFileType = text; name = LICENSE; path = ../LICENSE; sourceTree = "<group>"; };
		6003F58A195388D20070C39A /* CustomUIWidget_Example.app */ = {isa = PBXFileReference; explicitFileType = wrapper.application; includeInIndex = 0; path = CustomUIWidget_Example.app; sourceTree = BUILT_PRODUCTS_DIR; };
		6003F58D195388D20070C39A /* Foundation.framework */ = {isa = PBXFileReference; lastKnownFileType = wrapper.framework; name = Foundation.framework; path = System/Library/Frameworks/Foundation.framework; sourceTree = SDKROOT; };
		6003F58F195388D20070C39A /* CoreGraphics.framework */ = {isa = PBXFileReference; lastKnownFileType = wrapper.framework; name = CoreGraphics.framework; path = System/Library/Frameworks/CoreGraphics.framework; sourceTree = SDKROOT; };
		6003F591195388D20070C39A /* UIKit.framework */ = {isa = PBXFileReference; lastKnownFileType = wrapper.framework; name = UIKit.framework; path = System/Library/Frameworks/UIKit.framework; sourceTree = SDKROOT; };
		6003F595195388D20070C39A /* CustomUIWidget-Info.plist */ = {isa = PBXFileReference; lastKnownFileType = text.plist.xml; path = "CustomUIWidget-Info.plist"; sourceTree = "<group>"; };
		6003F597195388D20070C39A /* en */ = {isa = PBXFileReference; lastKnownFileType = text.plist.strings; name = en; path = en.lproj/InfoPlist.strings; sourceTree = "<group>"; };
		6003F599195388D20070C39A /* main.m */ = {isa = PBXFileReference; lastKnownFileType = sourcecode.c.objc; path = main.m; sourceTree = "<group>"; };
		6003F59B195388D20070C39A /* CustomUIWidget-Prefix.pch */ = {isa = PBXFileReference; lastKnownFileType = sourcecode.c.h; path = "CustomUIWidget-Prefix.pch"; sourceTree = "<group>"; };
		6003F59C195388D20070C39A /* FDAppDelegate.h */ = {isa = PBXFileReference; lastKnownFileType = sourcecode.c.h; path = FDAppDelegate.h; sourceTree = "<group>"; };
		6003F59D195388D20070C39A /* FDAppDelegate.m */ = {isa = PBXFileReference; lastKnownFileType = sourcecode.c.objc; path = FDAppDelegate.m; sourceTree = "<group>"; };
		6003F5A5195388D20070C39A /* FDViewController.h */ = {isa = PBXFileReference; lastKnownFileType = sourcecode.c.h; path = FDViewController.h; sourceTree = "<group>"; };
		6003F5A6195388D20070C39A /* FDViewController.m */ = {isa = PBXFileReference; lastKnownFileType = sourcecode.c.objc; path = FDViewController.m; sourceTree = "<group>"; };
		6003F5A8195388D20070C39A /* Images.xcassets */ = {isa = PBXFileReference; lastKnownFileType = folder.assetcatalog; path = Images.xcassets; sourceTree = "<group>"; };
		6003F5AF195388D20070C39A /* XCTest.framework */ = {isa = PBXFileReference; lastKnownFileType = wrapper.framework; name = XCTest.framework; path = Library/Frameworks/XCTest.framework; sourceTree = DEVELOPER_DIR; };
		6003F5B7195388D20070C39A /* Tests-Info.plist */ = {isa = PBXFileReference; lastKnownFileType = text.plist.xml; path = "Tests-Info.plist"; sourceTree = "<group>"; };
		6003F5B9195388D20070C39A /* en */ = {isa = PBXFileReference; lastKnownFileType = text.plist.strings; name = en; path = en.lproj/InfoPlist.strings; sourceTree = "<group>"; };
		6003F5BB195388D20070C39A /* Tests.m */ = {isa = PBXFileReference; lastKnownFileType = sourcecode.c.objc; path = Tests.m; sourceTree = "<group>"; };
		606FC2411953D9B200FFA9A0 /* Tests-Prefix.pch */ = {isa = PBXFileReference; lastKnownFileType = sourcecode.c.h; path = "Tests-Prefix.pch"; sourceTree = "<group>"; };
		71719F9E1E33DC2100824A3D /* Base */ = {isa = PBXFileReference; lastKnownFileType = file.storyboard; name = Base; path = Base.lproj/LaunchScreen.storyboard; sourceTree = "<group>"; };
		873B8AEA1B1F5CCA007FD442 /* Main.storyboard */ = {isa = PBXFileReference; fileEncoding = 4; lastKnownFileType = file.storyboard; name = Main.storyboard; path = Base.lproj/Main.storyboard; sourceTree = "<group>"; };
		8F3A48A738DC97D87A6F54FD /* Pods-CustomUIWidget_Tests.debug.xcconfig */ = {isa = PBXFileReference; includeInIndex = 1; lastKnownFileType = text.xcconfig; name = "Pods-CustomUIWidget_Tests.debug.xcconfig"; path = "Target Support Files/Pods-CustomUIWidget_Tests/Pods-CustomUIWidget_Tests.debug.xcconfig"; sourceTree = "<group>"; };
		9E4E12C6C4546B05346657C2 /* Pods-CustomUIWidget_Tests.release.xcconfig */ = {isa = PBXFileReference; includeInIndex = 1; lastKnownFileType = text.xcconfig; name = "Pods-CustomUIWidget_Tests.release.xcconfig"; path = "Target Support Files/Pods-CustomUIWidget_Tests/Pods-CustomUIWidget_Tests.release.xcconfig"; sourceTree = "<group>"; };
		AEEFBC13CC939556476FC4EF /* Pods-CustomUIWidget_Example.debug.xcconfig */ = {isa = PBXFileReference; includeInIndex = 1; lastKnownFileType = text.xcconfig; name = "Pods-CustomUIWidget_Example.debug.xcconfig"; path = "Target Support Files/Pods-CustomUIWidget_Example/Pods-CustomUIWidget_Example.debug.xcconfig"; sourceTree = "<group>"; };
		B65141B28CD6FCFD8B776A9F /* Pods_CustomUIWidget_Tests.framework */ = {isa = PBXFileReference; explicitFileType = wrapper.framework; includeInIndex = 0; path = Pods_CustomUIWidget_Tests.framework; sourceTree = BUILT_PRODUCTS_DIR; };
		BF02D9FA27B3752A0040CF81 /* FDComponentProtocol.h */ = {isa = PBXFileReference; lastKnownFileType = sourcecode.c.h; path = FDComponentProtocol.h; sourceTree = "<group>"; };
		BF14C31729309B5500D2F44F /* PresentVCDemoViewController.m */ = {isa = PBXFileReference; fileEncoding = 4; lastKnownFileType = sourcecode.c.objc; path = PresentVCDemoViewController.m; sourceTree = "<group>"; };
		BF14C31829309B5500D2F44F /* PresentVCDemoViewController.h */ = {isa = PBXFileReference; fileEncoding = 4; lastKnownFileType = sourcecode.c.h; path = PresentVCDemoViewController.h; sourceTree = "<group>"; };
		BF1915DC275EFDA9004D28C1 /* FDKTVAnnouncementView.h */ = {isa = PBXFileReference; fileEncoding = 4; lastKnownFileType = sourcecode.c.h; path = FDKTVAnnouncementView.h; sourceTree = "<group>"; };
		BF1915DD275EFDA9004D28C1 /* FDKTVAnnouncementView.m */ = {isa = PBXFileReference; fileEncoding = 4; lastKnownFileType = sourcecode.c.objc; path = FDKTVAnnouncementView.m; sourceTree = "<group>"; };
		BF255D5A27C651C200AC8E65 /* NSData+BytesUtils.h */ = {isa = PBXFileReference; fileEncoding = 4; lastKnownFileType = sourcecode.c.h; path = "NSData+BytesUtils.h"; sourceTree = "<group>"; };
		BF255D5B27C651C200AC8E65 /* NSData+BytesUtils.m */ = {isa = PBXFileReference; fileEncoding = 4; lastKnownFileType = sourcecode.c.objc; path = "NSData+BytesUtils.m"; sourceTree = "<group>"; };
		BF2EBA1C277564A300BDF298 /* FDUIStackViewViewController.h */ = {isa = PBXFileReference; lastKnownFileType = sourcecode.c.h; path = FDUIStackViewViewController.h; sourceTree = "<group>"; };
		BF2EBA1D277564A300BDF298 /* FDUIStackViewViewController.m */ = {isa = PBXFileReference; lastKnownFileType = sourcecode.c.objc; path = FDUIStackViewViewController.m; sourceTree = "<group>"; };
		BF301FBF277B02E300CCB495 /* FDImageLabelViewController.h */ = {isa = PBXFileReference; lastKnownFileType = sourcecode.c.h; path = FDImageLabelViewController.h; sourceTree = "<group>"; };
		BF301FC0277B02E300CCB495 /* FDImageLabelViewController.m */ = {isa = PBXFileReference; lastKnownFileType = sourcecode.c.objc; path = FDImageLabelViewController.m; sourceTree = "<group>"; };
		BF61BD1826D3A62F00B9961F /* FDWindowHandler.h */ = {isa = PBXFileReference; lastKnownFileType = sourcecode.c.h; path = FDWindowHandler.h; sourceTree = "<group>"; };
		BF61BD1926D3A62F00B9961F /* FDWindowHandler.m */ = {isa = PBXFileReference; lastKnownFileType = sourcecode.c.objc; path = FDWindowHandler.m; sourceTree = "<group>"; };
		BF77F7AA276C7E7500B728EB /* FDUIKitViewController.h */ = {isa = PBXFileReference; lastKnownFileType = sourcecode.c.h; path = FDUIKitViewController.h; sourceTree = "<group>"; };
		BF77F7AB276C7E7500B728EB /* FDUIKitViewController.m */ = {isa = PBXFileReference; lastKnownFileType = sourcecode.c.objc; path = FDUIKitViewController.m; sourceTree = "<group>"; };
		BF77F7AD276C7E8C00B728EB /* FDComponentsViewController.h */ = {isa = PBXFileReference; lastKnownFileType = sourcecode.c.h; path = FDComponentsViewController.h; sourceTree = "<group>"; };
		BF77F7AE276C7E8C00B728EB /* FDComponentsViewController.m */ = {isa = PBXFileReference; lastKnownFileType = sourcecode.c.objc; path = FDComponentsViewController.m; sourceTree = "<group>"; };
		BF77F7B0276C7F8A00B728EB /* FDGridView.h */ = {isa = PBXFileReference; lastKnownFileType = sourcecode.c.h; path = FDGridView.h; sourceTree = "<group>"; };
		BF77F7B1276C7F8A00B728EB /* FDGridView.m */ = {isa = PBXFileReference; lastKnownFileType = sourcecode.c.objc; path = FDGridView.m; sourceTree = "<group>"; };
		BF77F7B3276C87FA00B728EB /* FDGridViewUtil.h */ = {isa = PBXFileReference; lastKnownFileType = sourcecode.c.h; path = FDGridViewUtil.h; sourceTree = "<group>"; };
		BF77F7B4276C87FA00B728EB /* FDGridViewUtil.m */ = {isa = PBXFileReference; lastKnownFileType = sourcecode.c.objc; path = FDGridViewUtil.m; sourceTree = "<group>"; };
		BF77F7B7276C899F00B728EB /* FDOrderedDictionary.h */ = {isa = PBXFileReference; lastKnownFileType = sourcecode.c.h; path = FDOrderedDictionary.h; sourceTree = "<group>"; };
		BF77F7B8276C899F00B728EB /* FDOrderedDictionary.m */ = {isa = PBXFileReference; lastKnownFileType = sourcecode.c.objc; path = FDOrderedDictionary.m; sourceTree = "<group>"; };
		BF77F7BA277022CD00B728EB /* FDUIButton.h */ = {isa = PBXFileReference; lastKnownFileType = sourcecode.c.h; path = FDUIButton.h; sourceTree = "<group>"; };
		BF77F7BB277022CD00B728EB /* FDUIButton.m */ = {isa = PBXFileReference; lastKnownFileType = sourcecode.c.objc; path = FDUIButton.m; sourceTree = "<group>"; };
		BF8C9721250B4AB7006A5431 /* FDUserInfoModel.h */ = {isa = PBXFileReference; lastKnownFileType = sourcecode.c.h; path = FDUserInfoModel.h; sourceTree = "<group>"; };
		BF8C9722250B4AB7006A5431 /* FDUserInfoModel.m */ = {isa = PBXFileReference; lastKnownFileType = sourcecode.c.objc; path = FDUserInfoModel.m; sourceTree = "<group>"; };
		BFDE4434279FE5E900B03DFF /* FDTestViewController.h */ = {isa = PBXFileReference; lastKnownFileType = sourcecode.c.h; path = FDTestViewController.h; sourceTree = "<group>"; };
		BFDE4435279FE5E900B03DFF /* FDTestViewController.m */ = {isa = PBXFileReference; lastKnownFileType = sourcecode.c.objc; path = FDTestViewController.m; sourceTree = "<group>"; };
		BFE131C4279E936200EBAFF8 /* UIButton+FDSelectState.m */ = {isa = PBXFileReference; fileEncoding = 4; lastKnownFileType = sourcecode.c.objc; path = "UIButton+FDSelectState.m"; sourceTree = "<group>"; };
		BFE131C5279E936200EBAFF8 /* UIButton+FDSelectState.h */ = {isa = PBXFileReference; fileEncoding = 4; lastKnownFileType = sourcecode.c.h; path = "UIButton+FDSelectState.h"; sourceTree = "<group>"; };
		BFE8E007279E8CB3004D297C /* FDUIViewBorderViewController.h */ = {isa = PBXFileReference; lastKnownFileType = sourcecode.c.h; path = FDUIViewBorderViewController.h; sourceTree = "<group>"; };
		BFE8E008279E8CB3004D297C /* FDUIViewBorderViewController.m */ = {isa = PBXFileReference; lastKnownFileType = sourcecode.c.objc; path = FDUIViewBorderViewController.m; sourceTree = "<group>"; };
		BFE8E00A279E8DCF004D297C /* FDSelectListView.h */ = {isa = PBXFileReference; lastKnownFileType = sourcecode.c.h; path = FDSelectListView.h; sourceTree = "<group>"; };
		BFE8E00B279E8DCF004D297C /* FDSelectListView.m */ = {isa = PBXFileReference; lastKnownFileType = sourcecode.c.objc; path = FDSelectListView.m; sourceTree = "<group>"; };
		BFF648C42770804200EA78FC /* FDSettingViewController.h */ = {isa = PBXFileReference; lastKnownFileType = sourcecode.c.h; path = FDSettingViewController.h; sourceTree = "<group>"; };
		BFF648C52770804200EA78FC /* FDSettingViewController.m */ = {isa = PBXFileReference; lastKnownFileType = sourcecode.c.objc; path = FDSettingViewController.m; sourceTree = "<group>"; };
		BFF648C92771D2B300EA78FC /* UIButton+LXMImagePosition.m */ = {isa = PBXFileReference; fileEncoding = 4; lastKnownFileType = sourcecode.c.objc; path = "UIButton+LXMImagePosition.m"; sourceTree = "<group>"; };
		BFF648CA2771D2B300EA78FC /* UIButton+LXMImagePosition.h */ = {isa = PBXFileReference; fileEncoding = 4; lastKnownFileType = sourcecode.c.h; path = "UIButton+LXMImagePosition.h"; sourceTree = "<group>"; };
		BFF648CD2771D73300EA78FC /* FDMarqueeViewController.h */ = {isa = PBXFileReference; lastKnownFileType = sourcecode.c.h; path = FDMarqueeViewController.h; sourceTree = "<group>"; };
		BFF648CE2771D73300EA78FC /* FDMarqueeViewController.m */ = {isa = PBXFileReference; lastKnownFileType = sourcecode.c.objc; path = FDMarqueeViewController.m; sourceTree = "<group>"; };
		BFF648D02771D75200EA78FC /* FDViewControllerDefine.h */ = {isa = PBXFileReference; lastKnownFileType = sourcecode.c.h; path = FDViewControllerDefine.h; sourceTree = "<group>"; };
		DF1149857500EE0C191D0882 /* Pods-CustomUIWidget_Example.release.xcconfig */ = {isa = PBXFileReference; includeInIndex = 1; lastKnownFileType = text.xcconfig; name = "Pods-CustomUIWidget_Example.release.xcconfig"; path = "Target Support Files/Pods-CustomUIWidget_Example/Pods-CustomUIWidget_Example.release.xcconfig"; sourceTree = "<group>"; };
		EA476657B52F17D58A871F0E /* README.md */ = {isa = PBXFileReference; includeInIndex = 1; lastKnownFileType = net.daringfireball.markdown; name = README.md; path = ../README.md; sourceTree = "<group>"; };
		ECC2FF9281B387836CAAAA80 /* Pods_CustomUIWidget_Example.framework */ = {isa = PBXFileReference; explicitFileType = wrapper.framework; includeInIndex = 0; path = Pods_CustomUIWidget_Example.framework; sourceTree = BUILT_PRODUCTS_DIR; };
		F784362B54DB48C4288B8940 /* CustomUIWidget.podspec */ = {isa = PBXFileReference; includeInIndex = 1; lastKnownFileType = text; name = CustomUIWidget.podspec; path = ../CustomUIWidget.podspec; sourceTree = "<group>"; xcLanguageSpecificationIdentifier = xcode.lang.ruby; };
/* End PBXFileReference section */

/* Begin PBXFrameworksBuildPhase section */
		6003F587195388D20070C39A /* Frameworks */ = {
			isa = PBXFrameworksBuildPhase;
			buildActionMask = 2147483647;
			files = (
				6003F590195388D20070C39A /* CoreGraphics.framework in Frameworks */,
				6003F592195388D20070C39A /* UIKit.framework in Frameworks */,
				6003F58E195388D20070C39A /* Foundation.framework in Frameworks */,
				44C399A802F6DFB04AF1C835 /* Pods_CustomUIWidget_Example.framework in Frameworks */,
			);
			runOnlyForDeploymentPostprocessing = 0;
		};
/* End PBXFrameworksBuildPhase section */

/* Begin PBXGroup section */
		6003F581195388D10070C39A = {
			isa = PBXGroup;
			children = (
				60FF7A9C1954A5C5007DD14C /* Podspec Metadata */,
				6003F593195388D20070C39A /* Example for CustomUIWidget */,
				6003F5B5195388D20070C39A /* Tests */,
				6003F58C195388D20070C39A /* Frameworks */,
				6003F58B195388D20070C39A /* Products */,
				A1ADF592C276F54A27E231F5 /* Pods */,
			);
			sourceTree = "<group>";
		};
		6003F58B195388D20070C39A /* Products */ = {
			isa = PBXGroup;
			children = (
				6003F58A195388D20070C39A /* CustomUIWidget_Example.app */,
			);
			name = Products;
			sourceTree = "<group>";
		};
		6003F58C195388D20070C39A /* Frameworks */ = {
			isa = PBXGroup;
			children = (
				6003F58D195388D20070C39A /* Foundation.framework */,
				6003F58F195388D20070C39A /* CoreGraphics.framework */,
				6003F591195388D20070C39A /* UIKit.framework */,
				6003F5AF195388D20070C39A /* XCTest.framework */,
				ECC2FF9281B387836CAAAA80 /* Pods_CustomUIWidget_Example.framework */,
				B65141B28CD6FCFD8B776A9F /* Pods_CustomUIWidget_Tests.framework */,
			);
			name = Frameworks;
			sourceTree = "<group>";
		};
		6003F593195388D20070C39A /* Example for CustomUIWidget */ = {
			isa = PBXGroup;
			children = (
				BF14C31629309B4300D2F44F /* Test */,
				BFF648CC2771D70700EA78FC /* VCs */,
				BFF648C82771D29900EA78FC /* Tools */,
				6003F59C195388D20070C39A /* FDAppDelegate.h */,
				6003F59D195388D20070C39A /* FDAppDelegate.m */,
				873B8AEA1B1F5CCA007FD442 /* Main.storyboard */,
				6003F5A5195388D20070C39A /* FDViewController.h */,
				6003F5A6195388D20070C39A /* FDViewController.m */,
				BF77F7AA276C7E7500B728EB /* FDUIKitViewController.h */,
				BF77F7AB276C7E7500B728EB /* FDUIKitViewController.m */,
				BF77F7AD276C7E8C00B728EB /* FDComponentsViewController.h */,
				BF77F7AE276C7E8C00B728EB /* FDComponentsViewController.m */,
				BFF648C42770804200EA78FC /* FDSettingViewController.h */,
				BFF648C52770804200EA78FC /* FDSettingViewController.m */,
				BF61BD1726D3A61200B9961F /* Demo */,
				71719F9D1E33DC2100824A3D /* LaunchScreen.storyboard */,
				6003F5A8195388D20070C39A /* Images.xcassets */,
				6003F594195388D20070C39A /* Supporting Files */,
				BF8C9721250B4AB7006A5431 /* FDUserInfoModel.h */,
				BF8C9722250B4AB7006A5431 /* FDUserInfoModel.m */,
			);
			name = "Example for CustomUIWidget";
			path = CustomUIWidget;
			sourceTree = "<group>";
		};
		6003F594195388D20070C39A /* Supporting Files */ = {
			isa = PBXGroup;
			children = (
				6003F595195388D20070C39A /* CustomUIWidget-Info.plist */,
				6003F596195388D20070C39A /* InfoPlist.strings */,
				6003F599195388D20070C39A /* main.m */,
				6003F59B195388D20070C39A /* CustomUIWidget-Prefix.pch */,
			);
			name = "Supporting Files";
			sourceTree = "<group>";
		};
		6003F5B5195388D20070C39A /* Tests */ = {
			isa = PBXGroup;
			children = (
				6003F5BB195388D20070C39A /* Tests.m */,
				6003F5B6195388D20070C39A /* Supporting Files */,
			);
			path = Tests;
			sourceTree = "<group>";
		};
		6003F5B6195388D20070C39A /* Supporting Files */ = {
			isa = PBXGroup;
			children = (
				6003F5B7195388D20070C39A /* Tests-Info.plist */,
				6003F5B8195388D20070C39A /* InfoPlist.strings */,
				606FC2411953D9B200FFA9A0 /* Tests-Prefix.pch */,
			);
			name = "Supporting Files";
			sourceTree = "<group>";
		};
		60FF7A9C1954A5C5007DD14C /* Podspec Metadata */ = {
			isa = PBXGroup;
			children = (
				F784362B54DB48C4288B8940 /* CustomUIWidget.podspec */,
				EA476657B52F17D58A871F0E /* README.md */,
				073BF61CD47D1667DEB71E97 /* LICENSE */,
			);
			name = "Podspec Metadata";
			sourceTree = "<group>";
		};
		A1ADF592C276F54A27E231F5 /* Pods */ = {
			isa = PBXGroup;
			children = (
				AEEFBC13CC939556476FC4EF /* Pods-CustomUIWidget_Example.debug.xcconfig */,
				DF1149857500EE0C191D0882 /* Pods-CustomUIWidget_Example.release.xcconfig */,
				8F3A48A738DC97D87A6F54FD /* Pods-CustomUIWidget_Tests.debug.xcconfig */,
				9E4E12C6C4546B05346657C2 /* Pods-CustomUIWidget_Tests.release.xcconfig */,
			);
			path = Pods;
			sourceTree = "<group>";
		};
		BF14C31629309B4300D2F44F /* Test */ = {
			isa = PBXGroup;
			children = (
				BF14C31829309B5500D2F44F /* PresentVCDemoViewController.h */,
				BF14C31729309B5500D2F44F /* PresentVCDemoViewController.m */,
			);
			path = Test;
			sourceTree = "<group>";
		};
		BF61BD1726D3A61200B9961F /* Demo */ = {
			isa = PBXGroup;
			children = (
				BF1915DC275EFDA9004D28C1 /* FDKTVAnnouncementView.h */,
				BF1915DD275EFDA9004D28C1 /* FDKTVAnnouncementView.m */,
				BF61BD1826D3A62F00B9961F /* FDWindowHandler.h */,
				BF61BD1926D3A62F00B9961F /* FDWindowHandler.m */,
				BF77F7B3276C87FA00B728EB /* FDGridViewUtil.h */,
				BF77F7B4276C87FA00B728EB /* FDGridViewUtil.m */,
				BF77F7BA277022CD00B728EB /* FDUIButton.h */,
				BF77F7BB277022CD00B728EB /* FDUIButton.m */,
				BFDE4434279FE5E900B03DFF /* FDTestViewController.h */,
				BFDE4435279FE5E900B03DFF /* FDTestViewController.m */,
			);
			name = Demo;
			sourceTree = "<group>";
		};
		BFF648C82771D29900EA78FC /* Tools */ = {
			isa = PBXGroup;
			children = (
				BF255D5A27C651C200AC8E65 /* NSData+BytesUtils.h */,
				BF255D5B27C651C200AC8E65 /* NSData+BytesUtils.m */,
				BFE131C5279E936200EBAFF8 /* UIButton+FDSelectState.h */,
				BFE131C4279E936200EBAFF8 /* UIButton+FDSelectState.m */,
				BFF648CA2771D2B300EA78FC /* UIButton+LXMImagePosition.h */,
				BFF648C92771D2B300EA78FC /* UIButton+LXMImagePosition.m */,
				BF77F7B7276C899F00B728EB /* FDOrderedDictionary.h */,
				BF77F7B8276C899F00B728EB /* FDOrderedDictionary.m */,
				BF77F7B0276C7F8A00B728EB /* FDGridView.h */,
				BF77F7B1276C7F8A00B728EB /* FDGridView.m */,
				BFE8E00A279E8DCF004D297C /* FDSelectListView.h */,
				BFE8E00B279E8DCF004D297C /* FDSelectListView.m */,
			);
			path = Tools;
			sourceTree = "<group>";
		};
		BFF648CC2771D70700EA78FC /* VCs */ = {
			isa = PBXGroup;
			children = (
				BFF648D02771D75200EA78FC /* FDViewControllerDefine.h */,
				BF02D9FA27B3752A0040CF81 /* FDComponentProtocol.h */,
				BFF648CD2771D73300EA78FC /* FDMarqueeViewController.h */,
				BFF648CE2771D73300EA78FC /* FDMarqueeViewController.m */,
				BF301FBF277B02E300CCB495 /* FDImageLabelViewController.h */,
				BF301FC0277B02E300CCB495 /* FDImageLabelViewController.m */,
				BF2EBA1C277564A300BDF298 /* FDUIStackViewViewController.h */,
				BF2EBA1D277564A300BDF298 /* FDUIStackViewViewController.m */,
				BFE8E007279E8CB3004D297C /* FDUIViewBorderViewController.h */,
				BFE8E008279E8CB3004D297C /* FDUIViewBorderViewController.m */,
			);
			path = VCs;
			sourceTree = "<group>";
		};
/* End PBXGroup section */

/* Begin PBXNativeTarget section */
		6003F589195388D20070C39A /* CustomUIWidget_Example */ = {
			isa = PBXNativeTarget;
			buildConfigurationList = 6003F5BF195388D20070C39A /* Build configuration list for PBXNativeTarget "CustomUIWidget_Example" */;
			buildPhases = (
				D42F75F5A9A3D8D4D4EBB8DD /* [CP] Check Pods Manifest.lock */,
				6003F586195388D20070C39A /* Sources */,
				6003F587195388D20070C39A /* Frameworks */,
				6003F588195388D20070C39A /* Resources */,
				DE1CE2ABD241286296A72F46 /* [CP] Embed Pods Frameworks */,
			);
			buildRules = (
			);
			dependencies = (
			);
			name = CustomUIWidget_Example;
			productName = CustomUIWidget;
			productReference = 6003F58A195388D20070C39A /* CustomUIWidget_Example.app */;
			productType = "com.apple.product-type.application";
		};
/* End PBXNativeTarget section */

/* Begin PBXProject section */
		6003F582195388D10070C39A /* Project object */ = {
			isa = PBXProject;
			attributes = {
				CLASSPREFIX = FD;
				LastUpgradeCheck = 0720;
				ORGANIZATIONNAME = lucyDad;
				TargetAttributes = {
					6003F589195388D20070C39A = {
						DevelopmentTeam = 78MHN9ZV69;
					};
				};
			};
			buildConfigurationList = 6003F585195388D10070C39A /* Build configuration list for PBXProject "CustomUIWidget" */;
			compatibilityVersion = "Xcode 3.2";
			developmentRegion = English;
			hasScannedForEncodings = 0;
			knownRegions = (
				English,
				en,
				Base,
			);
			mainGroup = 6003F581195388D10070C39A;
			productRefGroup = 6003F58B195388D20070C39A /* Products */;
			projectDirPath = "";
			projectRoot = "";
			targets = (
				6003F589195388D20070C39A /* CustomUIWidget_Example */,
			);
		};
/* End PBXProject section */

/* Begin PBXResourcesBuildPhase section */
		6003F588195388D20070C39A /* Resources */ = {
			isa = PBXResourcesBuildPhase;
			buildActionMask = 2147483647;
			files = (
				873B8AEB1B1F5CCA007FD442 /* Main.storyboard in Resources */,
				71719F9F1E33DC2100824A3D /* LaunchScreen.storyboard in Resources */,
				6003F5A9195388D20070C39A /* Images.xcassets in Resources */,
				6003F598195388D20070C39A /* InfoPlist.strings in Resources */,
			);
			runOnlyForDeploymentPostprocessing = 0;
		};
/* End PBXResourcesBuildPhase section */

/* Begin PBXShellScriptBuildPhase section */
		D42F75F5A9A3D8D4D4EBB8DD /* [CP] Check Pods Manifest.lock */ = {
			isa = PBXShellScriptBuildPhase;
			buildActionMask = 2147483647;
			files = (
			);
			inputFileListPaths = (
			);
			inputPaths = (
				"${PODS_PODFILE_DIR_PATH}/Podfile.lock",
				"${PODS_ROOT}/Manifest.lock",
			);
			name = "[CP] Check Pods Manifest.lock";
			outputFileListPaths = (
			);
			outputPaths = (
				"$(DERIVED_FILE_DIR)/Pods-CustomUIWidget_Example-checkManifestLockResult.txt",
			);
			runOnlyForDeploymentPostprocessing = 0;
			shellPath = /bin/sh;
			shellScript = "diff \"${PODS_PODFILE_DIR_PATH}/Podfile.lock\" \"${PODS_ROOT}/Manifest.lock\" > /dev/null\nif [ $? != 0 ] ; then\n    # print error to STDERR\n    echo \"error: The sandbox is not in sync with the Podfile.lock. Run 'pod install' or update your CocoaPods installation.\" >&2\n    exit 1\nfi\n# This output is used by Xcode 'outputs' to avoid re-running this script phase.\necho \"SUCCESS\" > \"${SCRIPT_OUTPUT_FILE_0}\"\n";
			showEnvVarsInLog = 0;
		};
		DE1CE2ABD241286296A72F46 /* [CP] Embed Pods Frameworks */ = {
			isa = PBXShellScriptBuildPhase;
			buildActionMask = 2147483647;
			files = (
			);
			inputPaths = (
				"${PODS_ROOT}/Target Support Files/Pods-CustomUIWidget_Example/Pods-CustomUIWidget_Example-frameworks.sh",
				"${BUILT_PRODUCTS_DIR}/Aspects/Aspects.framework",
				"${BUILT_PRODUCTS_DIR}/CustomUIWidget/CustomUIWidget.framework",
				"${BUILT_PRODUCTS_DIR}/Masonry/Masonry.framework",
				"${BUILT_PRODUCTS_DIR}/YYCache/YYCache.framework",
				"${BUILT_PRODUCTS_DIR}/YYCategories/YYCategories.framework",
				"${BUILT_PRODUCTS_DIR}/YYImage/YYImage.framework",
				"${BUILT_PRODUCTS_DIR}/YYModel/YYModel.framework",
				"${BUILT_PRODUCTS_DIR}/YYText/YYText.framework",
				"${BUILT_PRODUCTS_DIR}/YYWebImage/YYWebImage.framework",
				"${BUILT_PRODUCTS_DIR}/libextobjc/libextobjc.framework",
			);
			name = "[CP] Embed Pods Frameworks";
			outputPaths = (
				"${TARGET_BUILD_DIR}/${FRAMEWORKS_FOLDER_PATH}/Aspects.framework",
				"${TARGET_BUILD_DIR}/${FRAMEWORKS_FOLDER_PATH}/CustomUIWidget.framework",
				"${TARGET_BUILD_DIR}/${FRAMEWORKS_FOLDER_PATH}/Masonry.framework",
				"${TARGET_BUILD_DIR}/${FRAMEWORKS_FOLDER_PATH}/YYCache.framework",
				"${TARGET_BUILD_DIR}/${FRAMEWORKS_FOLDER_PATH}/YYCategories.framework",
				"${TARGET_BUILD_DIR}/${FRAMEWORKS_FOLDER_PATH}/YYImage.framework",
				"${TARGET_BUILD_DIR}/${FRAMEWORKS_FOLDER_PATH}/YYModel.framework",
				"${TARGET_BUILD_DIR}/${FRAMEWORKS_FOLDER_PATH}/YYText.framework",
				"${TARGET_BUILD_DIR}/${FRAMEWORKS_FOLDER_PATH}/YYWebImage.framework",
				"${TARGET_BUILD_DIR}/${FRAMEWORKS_FOLDER_PATH}/libextobjc.framework",
			);
			runOnlyForDeploymentPostprocessing = 0;
			shellPath = /bin/sh;
			shellScript = "\"${PODS_ROOT}/Target Support Files/Pods-CustomUIWidget_Example/Pods-CustomUIWidget_Example-frameworks.sh\"\n";
			showEnvVarsInLog = 0;
		};
/* End PBXShellScriptBuildPhase section */

/* Begin PBXSourcesBuildPhase section */
		6003F586195388D20070C39A /* Sources */ = {
			isa = PBXSourcesBuildPhase;
			buildActionMask = 2147483647;
			files = (
				BF14C31929309B5500D2F44F /* PresentVCDemoViewController.m in Sources */,
				BF2EBA1E2775663400BDF298 /* FDUIStackViewViewController.m in Sources */,
				6003F59E195388D20070C39A /* FDAppDelegate.m in Sources */,
				BF61BD1A26D3A62F00B9961F /* FDWindowHandler.m in Sources */,
				6003F5A7195388D20070C39A /* FDViewController.m in Sources */,
				BFF648CF2771D73300EA78FC /* FDMarqueeViewController.m in Sources */,
				BF1915DE275EFDA9004D28C1 /* FDKTVAnnouncementView.m in Sources */,
				BFDE4436279FE5E900B03DFF /* FDTestViewController.m in Sources */,
				BF8C9723250B4AB7006A5431 /* FDUserInfoModel.m in Sources */,
				BF77F7BC277022CD00B728EB /* FDUIButton.m in Sources */,
				BF301FC1277B02E300CCB495 /* FDImageLabelViewController.m in Sources */,
				BFE8E00C279E8DCF004D297C /* FDSelectListView.m in Sources */,
				BFF648C62770804200EA78FC /* FDSettingViewController.m in Sources */,
				BFE131C6279E936200EBAFF8 /* UIButton+FDSelectState.m in Sources */,
				6003F59A195388D20070C39A /* main.m in Sources */,
				BF77F7AF276C7E8C00B728EB /* FDComponentsViewController.m in Sources */,
				BF77F7B9276C899F00B728EB /* FDOrderedDictionary.m in Sources */,
				BF77F7B2276C7F8A00B728EB /* FDGridView.m in Sources */,
				BF77F7B5276C87FA00B728EB /* FDGridViewUtil.m in Sources */,
				BF255D5C27C651C200AC8E65 /* NSData+BytesUtils.m in Sources */,
				BFE8E009279E8CB3004D297C /* FDUIViewBorderViewController.m in Sources */,
				BFF648CB2771D2B300EA78FC /* UIButton+LXMImagePosition.m in Sources */,
				BF77F7AC276C7E7500B728EB /* FDUIKitViewController.m in Sources */,
			);
			runOnlyForDeploymentPostprocessing = 0;
		};
/* End PBXSourcesBuildPhase section */

/* Begin PBXVariantGroup section */
		6003F596195388D20070C39A /* InfoPlist.strings */ = {
			isa = PBXVariantGroup;
			children = (
				6003F597195388D20070C39A /* en */,
			);
			name = InfoPlist.strings;
			sourceTree = "<group>";
		};
		6003F5B8195388D20070C39A /* InfoPlist.strings */ = {
			isa = PBXVariantGroup;
			children = (
				6003F5B9195388D20070C39A /* en */,
			);
			name = InfoPlist.strings;
			sourceTree = "<group>";
		};
		71719F9D1E33DC2100824A3D /* LaunchScreen.storyboard */ = {
			isa = PBXVariantGroup;
			children = (
				71719F9E1E33DC2100824A3D /* Base */,
			);
			name = LaunchScreen.storyboard;
			sourceTree = "<group>";
		};
/* End PBXVariantGroup section */

/* Begin XCBuildConfiguration section */
		6003F5BD195388D20070C39A /* Debug */ = {
			isa = XCBuildConfiguration;
			buildSettings = {
				ALWAYS_SEARCH_USER_PATHS = NO;
				CLANG_CXX_LANGUAGE_STANDARD = "gnu++0x";
				CLANG_CXX_LIBRARY = "libc++";
				CLANG_ENABLE_MODULES = YES;
				CLANG_ENABLE_OBJC_ARC = YES;
				CLANG_WARN_BOOL_CONVERSION = YES;
				CLANG_WARN_CONSTANT_CONVERSION = YES;
				CLANG_WARN_DIRECT_OBJC_ISA_USAGE = YES_ERROR;
				CLANG_WARN_EMPTY_BODY = YES;
				CLANG_WARN_ENUM_CONVERSION = YES;
				CLANG_WARN_INT_CONVERSION = YES;
				CLANG_WARN_OBJC_ROOT_CLASS = YES_ERROR;
				CLANG_WARN__DUPLICATE_METHOD_MATCH = YES;
				"CODE_SIGN_IDENTITY[sdk=iphoneos*]" = "iPhone Developer";
				COPY_PHASE_STRIP = NO;
				ENABLE_TESTABILITY = YES;
				GCC_C_LANGUAGE_STANDARD = gnu99;
				GCC_DYNAMIC_NO_PIC = NO;
				GCC_OPTIMIZATION_LEVEL = 0;
				GCC_PREPROCESSOR_DEFINITIONS = (
					"DEBUG=1",
					"$(inherited)",
				);
				GCC_SYMBOLS_PRIVATE_EXTERN = NO;
				GCC_WARN_64_TO_32_BIT_CONVERSION = YES;
				GCC_WARN_ABOUT_RETURN_TYPE = YES_ERROR;
				GCC_WARN_UNDECLARED_SELECTOR = YES;
				GCC_WARN_UNINITIALIZED_AUTOS = YES_AGGRESSIVE;
				GCC_WARN_UNUSED_FUNCTION = YES;
				GCC_WARN_UNUSED_VARIABLE = YES;
				IPHONEOS_DEPLOYMENT_TARGET = 9.3;
				ONLY_ACTIVE_ARCH = YES;
				SDKROOT = iphoneos;
				TARGETED_DEVICE_FAMILY = "1,2";
			};
			name = Debug;
		};
		6003F5BE195388D20070C39A /* Release */ = {
			isa = XCBuildConfiguration;
			buildSettings = {
				ALWAYS_SEARCH_USER_PATHS = NO;
				CLANG_CXX_LANGUAGE_STANDARD = "gnu++0x";
				CLANG_CXX_LIBRARY = "libc++";
				CLANG_ENABLE_MODULES = YES;
				CLANG_ENABLE_OBJC_ARC = YES;
				CLANG_WARN_BOOL_CONVERSION = YES;
				CLANG_WARN_CONSTANT_CONVERSION = YES;
				CLANG_WARN_DIRECT_OBJC_ISA_USAGE = YES_ERROR;
				CLANG_WARN_EMPTY_BODY = YES;
				CLANG_WARN_ENUM_CONVERSION = YES;
				CLANG_WARN_INT_CONVERSION = YES;
				CLANG_WARN_OBJC_ROOT_CLASS = YES_ERROR;
				CLANG_WARN__DUPLICATE_METHOD_MATCH = YES;
				"CODE_SIGN_IDENTITY[sdk=iphoneos*]" = "iPhone Developer";
				COPY_PHASE_STRIP = YES;
				ENABLE_NS_ASSERTIONS = NO;
				GCC_C_LANGUAGE_STANDARD = gnu99;
				GCC_WARN_64_TO_32_BIT_CONVERSION = YES;
				GCC_WARN_ABOUT_RETURN_TYPE = YES_ERROR;
				GCC_WARN_UNDECLARED_SELECTOR = YES;
				GCC_WARN_UNINITIALIZED_AUTOS = YES_AGGRESSIVE;
				GCC_WARN_UNUSED_FUNCTION = YES;
				GCC_WARN_UNUSED_VARIABLE = YES;
				IPHONEOS_DEPLOYMENT_TARGET = 9.3;
				SDKROOT = iphoneos;
				TARGETED_DEVICE_FAMILY = "1,2";
				VALIDATE_PRODUCT = YES;
			};
			name = Release;
		};
		6003F5C0195388D20070C39A /* Debug */ = {
			isa = XCBuildConfiguration;
			baseConfigurationReference = AEEFBC13CC939556476FC4EF /* Pods-CustomUIWidget_Example.debug.xcconfig */;
			buildSettings = {
				ASSETCATALOG_COMPILER_APPICON_NAME = AppIcon;
				DEVELOPMENT_TEAM = 78MHN9ZV69;
				ENABLE_BITCODE = NO;
				GCC_PRECOMPILE_PREFIX_HEADER = YES;
				GCC_PREFIX_HEADER = "CustomUIWidget/CustomUIWidget-Prefix.pch";
				INFOPLIST_FILE = "CustomUIWidget/CustomUIWidget-Info.plist";
				IPHONEOS_DEPLOYMENT_TARGET = 11.0;
				MODULE_NAME = ExampleApp;
				OTHER_LDFLAGS = (
					"$(inherited)",
					"-l\"z\"",
					"-framework",
					"\"Accelerate\"",
					"-framework",
					"\"CoreFoundation\"",
					"-framework",
					"\"CoreGraphics\"",
					"-framework",
					"\"CoreImage\"",
					"-framework",
					"\"CoreText\"",
					"-framework",
					"\"CustomUIWidget\"",
					"-framework",
					"\"Foundation\"",
					"-framework",
					"\"ImageIO\"",
					"-framework",
					"\"Masonry\"",
					"-framework",
					"\"MobileCoreServices\"",
					"-framework",
					"\"QuartzCore\"",
					"-framework",
					"\"UIKit\"",
					"-framework",
					"\"YYCategories\"",
					"-framework",
					"\"YYText\"",
					"-framework",
					"\"libextobjc\"",
					"-Xlinker",
					"-interposable",
				);
				PRODUCT_BUNDLE_IDENTIFIER = com.quyuehui.interestingdateOfficial;
				PRODUCT_NAME = "$(TARGET_NAME)";
				SWIFT_VERSION = 4.0;
				WRAPPER_EXTENSION = app;
			};
			name = Debug;
		};
		6003F5C1195388D20070C39A /* Release */ = {
			isa = XCBuildConfiguration;
			baseConfigurationReference = DF1149857500EE0C191D0882 /* Pods-CustomUIWidget_Example.release.xcconfig */;
			buildSettings = {
				ASSETCATALOG_COMPILER_APPICON_NAME = AppIcon;
				DEVELOPMENT_TEAM = 78MHN9ZV69;
				ENABLE_BITCODE = NO;
				GCC_PRECOMPILE_PREFIX_HEADER = YES;
				GCC_PREFIX_HEADER = "CustomUIWidget/CustomUIWidget-Prefix.pch";
				INFOPLIST_FILE = "CustomUIWidget/CustomUIWidget-Info.plist";
				IPHONEOS_DEPLOYMENT_TARGET = 11.0;
				MODULE_NAME = ExampleApp;
				OTHER_LDFLAGS = (
					"$(inherited)",
					"-l\"z\"",
					"-framework",
					"\"Accelerate\"",
					"-framework",
					"\"CoreFoundation\"",
					"-framework",
					"\"CoreGraphics\"",
					"-framework",
					"\"CoreImage\"",
					"-framework",
					"\"CoreText\"",
					"-framework",
					"\"CustomUIWidget\"",
					"-framework",
					"\"Foundation\"",
					"-framework",
					"\"ImageIO\"",
					"-framework",
					"\"Masonry\"",
					"-framework",
					"\"MobileCoreServices\"",
					"-framework",
					"\"QuartzCore\"",
					"-framework",
					"\"UIKit\"",
					"-framework",
					"\"YYCategories\"",
					"-framework",
					"\"YYText\"",
					"-framework",
					"\"libextobjc\"",
					"-Xlinker",
					"-interposable",
				);
				PRODUCT_BUNDLE_IDENTIFIER = com.quyuehui.interestingdateOfficial;
				PRODUCT_NAME = "$(TARGET_NAME)";
				SWIFT_VERSION = 4.0;
				WRAPPER_EXTENSION = app;
			};
			name = Release;
		};
/* End XCBuildConfiguration section */

/* Begin XCConfigurationList section */
		6003F585195388D10070C39A /* Build configuration list for PBXProject "CustomUIWidget" */ = {
			isa = XCConfigurationList;
			buildConfigurations = (
				6003F5BD195388D20070C39A /* Debug */,
				6003F5BE195388D20070C39A /* Release */,
			);
			defaultConfigurationIsVisible = 0;
			defaultConfigurationName = Release;
		};
		6003F5BF195388D20070C39A /* Build configuration list for PBXNativeTarget "CustomUIWidget_Example" */ = {
			isa = XCConfigurationList;
			buildConfigurations = (
				6003F5C0195388D20070C39A /* Debug */,
				6003F5C1195388D20070C39A /* Release */,
			);
			defaultConfigurationIsVisible = 0;
			defaultConfigurationName = Release;
		};
/* End XCConfigurationList section */
	};
	rootObject = 6003F582195388D10070C39A /* Project object */;
}
